
Microsoft Visual Studio Solution File, Format Version 12.00
# Visual Studio Version 17
VisualStudioVersion = 17.7.34221.43
MinimumVisualStudioVersion = 10.0.40219.1
Project("{8BC9CEB8-8B4A-11D0-8D11-00A0C91BC942}") = "ControlStruktures", "ControlStruktures\ControlStruktures.vcxproj", "{9CBD4B2A-1DA2-4691-8D33-EA10531CAC31}"
EndProject
Project("{8BC9CEB8-8B4A-11D0-8D11-00A0C91BC942}") = "Calc", "Calc\Calc.vcxproj", "{130E06EC-BB90-469A-82EA-367404892543}"
EndProject
Project("{8BC9CEB8-8B4A-11D0-8D11-00A0C91BC942}") = "Loops", "Loops\Loops.vcxproj", "{A919F5CC-1AFD-4AA7-ACBC-FC690264B634}"
EndProject
Project("{8BC9CEB8-8B4A-11D0-8D11-00A0C91BC942}") = "Palindrome", "Palindrome+\Palindrome+.vcxproj", "{76DED569-CB7E-41D3-A802-282B9AA3FC73}"
EndProject
Project("{8BC9CEB8-8B4A-11D0-8D11-00A0C91BC942}") = "Shooter", "Shooter\Shooter.vcxproj", "{76F12A3A-DF5F-4A90-9DDC-476C84606602}"
EndProject
Project("{8BC9CEB8-8B4A-11D0-8D11-00A0C91BC942}") = "Ticket", "Ticket\Ticket.vcxproj", "{C4EE12D5-7E40-4292-80CF-D63276099380}"
EndProject
Project("{8BC9CEB8-8B4A-11D0-8D11-00A0C91BC942}") = "For", "For\For.vcxproj", "{9D7E71D3-FA91-4E00-8102-45F4F10DA0BD}"
EndProject
Project("{8BC9CEB8-8B4A-11D0-8D11-00A0C91BC942}") = "Geometry", "Geometry\Geometry.vcxproj", "{529B6465-2DE8-4101-A80F-53FD0C7FFDA4}"
EndProject
Project("{8BC9CEB8-8B4A-11D0-8D11-00A0C91BC942}") = "Chess", "Chess\Chess.vcxproj", "{8534D87B-C906-4896-A9BC-6143399B5214}"
EndProject
Project("{8BC9CEB8-8B4A-11D0-8D11-00A0C91BC942}") = "Chess2", "Chess2\Chess2.vcxproj", "{7C60B063-258D-4894-9D74-F490C3331D50}"
EndProject
Project("{8BC9CEB8-8B4A-11D0-8D11-00A0C91BC942}") = "PascalTriangle", "PascalTriangle\PascalTriangle.vcxproj", "{E33F39E2-8ED7-4802-BCA1-77C39AF302B8}"
EndProject
Project("{8BC9CEB8-8B4A-11D0-8D11-00A0C91BC942}") = "Binarochka", "Binarochka\Binarochka.vcxproj", "{A11807FB-5306-4ECE-B068-0A3E4E788280}"
EndProject
Global
	GlobalSection(SolutionConfigurationPlatforms) = preSolution
		Debug|x64 = Debug|x64
		Debug|x86 = Debug|x86
		Release|x64 = Release|x64
		Release|x86 = Release|x86
	EndGlobalSection
	GlobalSection(ProjectConfigurationPlatforms) = postSolution
		{9CBD4B2A-1DA2-4691-8D33-EA10531CAC31}.Debug|x64.ActiveCfg = Debug|x64
		{9CBD4B2A-1DA2-4691-8D33-EA10531CAC31}.Debug|x64.Build.0 = Debug|x64
		{9CBD4B2A-1DA2-4691-8D33-EA10531CAC31}.Debug|x86.ActiveCfg = Debug|Win32
		{9CBD4B2A-1DA2-4691-8D33-EA10531CAC31}.Debug|x86.Build.0 = Debug|Win32
		{9CBD4B2A-1DA2-4691-8D33-EA10531CAC31}.Release|x64.ActiveCfg = Release|x64
		{9CBD4B2A-1DA2-4691-8D33-EA10531CAC31}.Release|x64.Build.0 = Release|x64
		{9CBD4B2A-1DA2-4691-8D33-EA10531CAC31}.Release|x86.ActiveCfg = Release|Win32
		{9CBD4B2A-1DA2-4691-8D33-EA10531CAC31}.Release|x86.Build.0 = Release|Win32
		{130E06EC-BB90-469A-82EA-367404892543}.Debug|x64.ActiveCfg = Debug|x64
		{130E06EC-BB90-469A-82EA-367404892543}.Debug|x64.Build.0 = Debug|x64
		{130E06EC-BB90-469A-82EA-367404892543}.Debug|x86.ActiveCfg = Debug|Win32
		{130E06EC-BB90-469A-82EA-367404892543}.Debug|x86.Build.0 = Debug|Win32
		{130E06EC-BB90-469A-82EA-367404892543}.Release|x64.ActiveCfg = Release|x64
		{130E06EC-BB90-469A-82EA-367404892543}.Release|x64.Build.0 = Release|x64
		{130E06EC-BB90-469A-82EA-367404892543}.Release|x86.ActiveCfg = Release|Win32
		{130E06EC-BB90-469A-82EA-367404892543}.Release|x86.Build.0 = Release|Win32
		{A919F5CC-1AFD-4AA7-ACBC-FC690264B634}.Debug|x64.ActiveCfg = Debug|x64
		{A919F5CC-1AFD-4AA7-ACBC-FC690264B634}.Debug|x64.Build.0 = Debug|x64
		{A919F5CC-1AFD-4AA7-ACBC-FC690264B634}.Debug|x86.ActiveCfg = Debug|Win32
		{A919F5CC-1AFD-4AA7-ACBC-FC690264B634}.Debug|x86.Build.0 = Debug|Win32
		{A919F5CC-1AFD-4AA7-ACBC-FC690264B634}.Release|x64.ActiveCfg = Release|x64
		{A919F5CC-1AFD-4AA7-ACBC-FC690264B634}.Release|x64.Build.0 = Release|x64
		{A919F5CC-1AFD-4AA7-ACBC-FC690264B634}.Release|x86.ActiveCfg = Release|Win32
		{A919F5CC-1AFD-4AA7-ACBC-FC690264B634}.Release|x86.Build.0 = Release|Win32
		{76DED569-CB7E-41D3-A802-282B9AA3FC73}.Debug|x64.ActiveCfg = Debug|x64
		{76DED569-CB7E-41D3-A802-282B9AA3FC73}.Debug|x64.Build.0 = Debug|x64
		{76DED569-CB7E-41D3-A802-282B9AA3FC73}.Debug|x86.ActiveCfg = Debug|Win32
		{76DED569-CB7E-41D3-A802-282B9AA3FC73}.Debug|x86.Build.0 = Debug|Win32
		{76DED569-CB7E-41D3-A802-282B9AA3FC73}.Release|x64.ActiveCfg = Release|x64
		{76DED569-CB7E-41D3-A802-282B9AA3FC73}.Release|x64.Build.0 = Release|x64
		{76DED569-CB7E-41D3-A802-282B9AA3FC73}.Release|x86.ActiveCfg = Release|Win32
		{76DED569-CB7E-41D3-A802-282B9AA3FC73}.Release|x86.Build.0 = Release|Win32
		{76F12A3A-DF5F-4A90-9DDC-476C84606602}.Debug|x64.ActiveCfg = Debug|x64
		{76F12A3A-DF5F-4A90-9DDC-476C84606602}.Debug|x64.Build.0 = Debug|x64
		{76F12A3A-DF5F-4A90-9DDC-476C84606602}.Debug|x86.ActiveCfg = Debug|Win32
		{76F12A3A-DF5F-4A90-9DDC-476C84606602}.Debug|x86.Build.0 = Debug|Win32
		{76F12A3A-DF5F-4A90-9DDC-476C84606602}.Release|x64.ActiveCfg = Release|x64
		{76F12A3A-DF5F-4A90-9DDC-476C84606602}.Release|x64.Build.0 = Release|x64
		{76F12A3A-DF5F-4A90-9DDC-476C84606602}.Release|x86.ActiveCfg = Release|Win32
		{76F12A3A-DF5F-4A90-9DDC-476C84606602}.Release|x86.Build.0 = Release|Win32
		{C4EE12D5-7E40-4292-80CF-D63276099380}.Debug|x64.ActiveCfg = Debug|x64
		{C4EE12D5-7E40-4292-80CF-D63276099380}.Debug|x64.Build.0 = Debug|x64
		{C4EE12D5-7E40-4292-80CF-D63276099380}.Debug|x86.ActiveCfg = Debug|Win32
		{C4EE12D5-7E40-4292-80CF-D63276099380}.Debug|x86.Build.0 = Debug|Win32
		{C4EE12D5-7E40-4292-80CF-D63276099380}.Release|x64.ActiveCfg = Release|x64
		{C4EE12D5-7E40-4292-80CF-D63276099380}.Release|x64.Build.0 = Release|x64
		{C4EE12D5-7E40-4292-80CF-D63276099380}.Release|x86.ActiveCfg = Release|Win32
		{C4EE12D5-7E40-4292-80CF-D63276099380}.Release|x86.Build.0 = Release|Win32
		{9D7E71D3-FA91-4E00-8102-45F4F10DA0BD}.Debug|x64.ActiveCfg = Debug|x64
		{9D7E71D3-FA91-4E00-8102-45F4F10DA0BD}.Debug|x64.Build.0 = Debug|x64
		{9D7E71D3-FA91-4E00-8102-45F4F10DA0BD}.Debug|x86.ActiveCfg = Debug|Win32
		{9D7E71D3-FA91-4E00-8102-45F4F10DA0BD}.Debug|x86.Build.0 = Debug|Win32
		{9D7E71D3-FA91-4E00-8102-45F4F10DA0BD}.Release|x64.ActiveCfg = Release|x64
		{9D7E71D3-FA91-4E00-8102-45F4F10DA0BD}.Release|x64.Build.0 = Release|x64
		{9D7E71D3-FA91-4E00-8102-45F4F10DA0BD}.Release|x86.ActiveCfg = Release|Win32
		{9D7E71D3-FA91-4E00-8102-45F4F10DA0BD}.Release|x86.Build.0 = Release|Win32
		{529B6465-2DE8-4101-A80F-53FD0C7FFDA4}.Debug|x64.ActiveCfg = Debug|x64
		{529B6465-2DE8-4101-A80F-53FD0C7FFDA4}.Debug|x64.Build.0 = Debug|x64
		{529B6465-2DE8-4101-A80F-53FD0C7FFDA4}.Debug|x86.ActiveCfg = Debug|Win32
		{529B6465-2DE8-4101-A80F-53FD0C7FFDA4}.Debug|x86.Build.0 = Debug|Win32
		{529B6465-2DE8-4101-A80F-53FD0C7FFDA4}.Release|x64.ActiveCfg = Release|x64
		{529B6465-2DE8-4101-A80F-53FD0C7FFDA4}.Release|x64.Build.0 = Release|x64
		{529B6465-2DE8-4101-A80F-53FD0C7FFDA4}.Release|x86.ActiveCfg = Release|Win32
		{529B6465-2DE8-4101-A80F-53FD0C7FFDA4}.Release|x86.Build.0 = Release|Win32
		{8534D87B-C906-4896-A9BC-6143399B5214}.Debug|x64.ActiveCfg = Debug|x64
		{8534D87B-C906-4896-A9BC-6143399B5214}.Debug|x64.Build.0 = Debug|x64
		{8534D87B-C906-4896-A9BC-6143399B5214}.Debug|x86.ActiveCfg = Debug|Win32
		{8534D87B-C906-4896-A9BC-6143399B5214}.Debug|x86.Build.0 = Debug|Win32
		{8534D87B-C906-4896-A9BC-6143399B5214}.Release|x64.ActiveCfg = Release|x64
		{8534D87B-C906-4896-A9BC-6143399B5214}.Release|x64.Build.0 = Release|x64
		{8534D87B-C906-4896-A9BC-6143399B5214}.Release|x86.ActiveCfg = Release|Win32
		{8534D87B-C906-4896-A9BC-6143399B5214}.Release|x86.Build.0 = Release|Win32
		{7C60B063-258D-4894-9D74-F490C3331D50}.Debug|x64.ActiveCfg = Debug|x64
		{7C60B063-258D-4894-9D74-F490C3331D50}.Debug|x64.Build.0 = Debug|x64
		{7C60B063-258D-4894-9D74-F490C3331D50}.Debug|x86.ActiveCfg = Debug|Win32
		{7C60B063-258D-4894-9D74-F490C3331D50}.Debug|x86.Build.0 = Debug|Win32
		{7C60B063-258D-4894-9D74-F490C3331D50}.Release|x64.ActiveCfg = Release|x64
		{7C60B063-258D-4894-9D74-F490C3331D50}.Release|x64.Build.0 = Release|x64
		{7C60B063-258D-4894-9D74-F490C3331D50}.Release|x86.ActiveCfg = Release|Win32
		{7C60B063-258D-4894-9D74-F490C3331D50}.Release|x86.Build.0 = Release|Win32
		{E33F39E2-8ED7-4802-BCA1-77C39AF302B8}.Debug|x64.ActiveCfg = Debug|x64
		{E33F39E2-8ED7-4802-BCA1-77C39AF302B8}.Debug|x64.Build.0 = Debug|x64
		{E33F39E2-8ED7-4802-BCA1-77C39AF302B8}.Debug|x86.ActiveCfg = Debug|Win32
		{E33F39E2-8ED7-4802-BCA1-77C39AF302B8}.Debug|x86.Build.0 = Debug|Win32
		{E33F39E2-8ED7-4802-BCA1-77C39AF302B8}.Release|x64.ActiveCfg = Release|x64
		{E33F39E2-8ED7-4802-BCA1-77C39AF302B8}.Release|x64.Build.0 = Release|x64
		{E33F39E2-8ED7-4802-BCA1-77C39AF302B8}.Release|x86.ActiveCfg = Release|Win32
		{E33F39E2-8ED7-4802-BCA1-77C39AF302B8}.Release|x86.Build.0 = Release|Win32
		{A11807FB-5306-4ECE-B068-0A3E4E788280}.Debug|x64.ActiveCfg = Debug|x64
		{A11807FB-5306-4ECE-B068-0A3E4E788280}.Debug|x64.Build.0 = Debug|x64
		{A11807FB-5306-4ECE-B068-0A3E4E788280}.Debug|x86.ActiveCfg = Debug|Win32
		{A11807FB-5306-4ECE-B068-0A3E4E788280}.Debug|x86.Build.0 = Debug|Win32
		{A11807FB-5306-4ECE-B068-0A3E4E788280}.Release|x64.ActiveCfg = Release|x64
		{A11807FB-5306-4ECE-B068-0A3E4E788280}.Release|x64.Build.0 = Release|x64
		{A11807FB-5306-4ECE-B068-0A3E4E788280}.Release|x86.ActiveCfg = Release|Win32
		{A11807FB-5306-4ECE-B068-0A3E4E788280}.Release|x86.Build.0 = Release|Win32
	EndGlobalSection
	GlobalSection(SolutionProperties) = preSolution
		HideSolutionNode = FALSE
	EndGlobalSection
	GlobalSection(ExtensibilityGlobals) = postSolution
		SolutionGuid = {68E64B65-3B85-491E-8049-BB488E774781}
	EndGlobalSection
EndGlobal
